
Microsoft Visual Studio Solution File, Format Version 12.00
# Visual Studio Version 17
VisualStudioVersion = 17.14.36221.1 d17.14
MinimumVisualStudioVersion = 10.0.40219.1
Project("{8BC9CEB8-8B4A-11D0-8D11-00A0C91BC942}") = "Project_0007_StaticMember", "Project_0007_StaticMember\Project_0007_StaticMember.vcxproj", "{C34082F0-AE9D-4C03-9DF1-6BE1C74F6D50}"
EndProject
Global
	GlobalSection(SolutionConfigurationPlatforms) = preSolution
		Debug|x64 = Debug|x64
		Debug|x86 = Debug|x86
		Release|x64 = Release|x64
		Release|x86 = Release|x86
	EndGlobalSection
	GlobalSection(ProjectConfigurationPlatforms) = postSolution
		{C34082F0-AE9D-4C03-9DF1-6BE1C74F6D50}.Debug|x64.ActiveCfg = Debug|x64
		{C34082F0-AE9D-4C03-9DF1-6BE1C74F6D50}.Debug|x64.Build.0 = Debug|x64
		{C34082F0-AE9D-4C03-9DF1-6BE1C74F6D50}.Debug|x86.ActiveCfg = Debug|Win32
		{C34082F0-AE9D-4C03-9DF1-6BE1C74F6D50}.Debug|x86.Build.0 = Debug|Win32
		{C34082F0-AE9D-4C03-9DF1-6BE1C74F6D50}.Release|x64.ActiveCfg = Release|x64
		{C34082F0-AE9D-4C03-9DF1-6BE1C74F6D50}.Release|x64.Build.0 = Release|x64
		{C34082F0-AE9D-4C03-9DF1-6BE1C74F6D50}.Release|x86.ActiveCfg = Release|Win32
		{C34082F0-AE9D-4C03-9DF1-6BE1C74F6D50}.Release|x86.Build.0 = Release|Win32
	EndGlobalSection
	GlobalSection(SolutionProperties) = preSolution
		HideSolutionNode = FALSE
	EndGlobalSection
	GlobalSection(ExtensibilityGlobals) = postSolution
		SolutionGuid = {78560687-F781-4C22-9CC8-E4E30456CFB1}
	EndGlobalSection
EndGlobal
